
Microsoft Visual Studio Solution File, Format Version 12.00
# Visual Studio Version 17
VisualStudioVersion = 17.4.33205.214
MinimumVisualStudioVersion = 10.0.40219.1
Project("{9A19103F-16F7-4668-BE54-9A1E7A4F7556}") = "Dotnet8MySQLCRUD", "Dotnet8MySQLCRUD\Dotnet8MySQLCRUD.csproj", "{34EDC1FD-B880-4618-B479-DD9ED859D36D}"
EndProject
Global
	GlobalSection(SolutionConfigurationPlatforms) = preSolution
		Debug|Any CPU = Debug|Any CPU
		Release|Any CPU = Release|Any CPU
	EndGlobalSection
	GlobalSection(ProjectConfigurationPlatforms) = postSolution
		{34EDC1FD-B880-4618-B479-DD9ED859D36D}.Debug|Any CPU.ActiveCfg = Debug|Any CPU
		{34EDC1FD-B880-4618-B479-DD9ED859D36D}.Debug|Any CPU.Build.0 = Debug|Any CPU
		{34EDC1FD-B880-4618-B479-DD9ED859D36D}.Release|Any CPU.ActiveCfg = Release|Any CPU
		{34EDC1FD-B880-4618-B479-DD9ED859D36D}.Release|Any CPU.Build.0 = Release|Any CPU
	EndGlobalSection
	GlobalSection(SolutionProperties) = preSolution
		HideSolutionNode = FALSE
	EndGlobalSection
	GlobalSection(ExtensibilityGlobals) = postSolution
		SolutionGuid = {BF14F8A2-0E72-4A1D-84AF-E0D430C29C3A}
	EndGlobalSection
EndGlobal
